{
  "name": "medium-website",
  "lockfileVersion": 2,
  "requires": true,
  "packages": {
    "": {
      "dependencies": {
        "@anshumisra/common-medium": "^1.0.0"
      }
    },
    "node_modules/@anshumisra/common-medium": {
      "version": "1.0.0",
      "resolved": "https://registry.npmjs.org/@anshumisra/common-medium/-/common-medium-1.0.0.tgz",
      "integrity": "sha512-Z3tUvMNQsULk+3pYMzJb7e4UD+YL2QnqJEAYHBWzBd79schzs0FCvkAY6HGwR2ILIARm98yInEtR125zvUNUKA==",
      "dependencies": {
        "zod": "^3.23.8"
      }
    },
    "node_modules/zod": {
      "version": "3.23.8",
      "resolved": "https://registry.npmjs.org/zod/-/zod-3.23.8.tgz",
      "integrity": "sha512-XBx9AXhXktjUqnepgTiE5flcKIYWi/rme0Eaj+5Y0lftuGBq+jyRu/md4WnuxqgP1ubdpNCsYEYPxrzVHD8d6g==",
      "funding": {
        "url": "https://github.com/sponsors/colinhacks"
      }
    }
  },
  "dependencies": {
    "@anshumisra/common-medium": {
      "version": "1.0.0",
      "resolved": "https://registry.npmjs.org/@anshumisra/common-medium/-/common-medium-1.0.0.tgz",
      "integrity": "sha512-Z3tUvMNQsULk+3pYMzJb7e4UD+YL2QnqJEAYHBWzBd79schzs0FCvkAY6HGwR2ILIARm98yInEtR125zvUNUKA==",
      "requires": {
        "zod": "^3.23.8"
      }
    },
    "zod": {
      "version": "3.23.8",
      "resolved": "https://registry.npmjs.org/zod/-/zod-3.23.8.tgz",
      "integrity": "sha512-XBx9AXhXktjUqnepgTiE5flcKIYWi/rme0Eaj+5Y0lftuGBq+jyRu/md4WnuxqgP1ubdpNCsYEYPxrzVHD8d6g=="
    }
  }
}
